
Microsoft Visual Studio Solution File, Format Version 12.00
# Visual Studio Version 17
VisualStudioVersion = 17.7.34024.191
MinimumVisualStudioVersion = 10.0.40219.1
Project("{FAE04EC0-301F-11D3-BF4B-00C04F79EFBC}") = "MeFitBackend", "MeFitBackend.csproj", "{64EEB817-25C6-4BD5-8955-88AE30471CED}"
EndProject
Global
	GlobalSection(SolutionConfigurationPlatforms) = preSolution
		Debug|Any CPU = Debug|Any CPU
		Release|Any CPU = Release|Any CPU
	EndGlobalSection
	GlobalSection(ProjectConfigurationPlatforms) = postSolution
		{64EEB817-25C6-4BD5-8955-88AE30471CED}.Debug|Any CPU.ActiveCfg = Debug|Any CPU
		{64EEB817-25C6-4BD5-8955-88AE30471CED}.Debug|Any CPU.Build.0 = Debug|Any CPU
		{64EEB817-25C6-4BD5-8955-88AE30471CED}.Release|Any CPU.ActiveCfg = Release|Any CPU
		{64EEB817-25C6-4BD5-8955-88AE30471CED}.Release|Any CPU.Build.0 = Release|Any CPU
	EndGlobalSection
	GlobalSection(SolutionProperties) = preSolution
		HideSolutionNode = FALSE
	EndGlobalSection
	GlobalSection(ExtensibilityGlobals) = postSolution
		SolutionGuid = {6F89B632-A452-44B6-B473-E8D2763EFA1F}
	EndGlobalSection
EndGlobal
